
Microsoft Visual Studio Solution File, Format Version 12.00
# Visual Studio Version 17
VisualStudioVersion = 17.9.34723.18
MinimumVisualStudioVersion = 10.0.40219.1
Project("{8BC9CEB8-8B4A-11D0-8D11-00A0C91BC942}") = "TCPServer201", "TCPServer201.vcxproj", "{657E1D1B-107F-4D7A-9D96-EE06BFB27AC3}"
EndProject
Global
	GlobalSection(SolutionConfigurationPlatforms) = preSolution
		Debug|x64 = Debug|x64
		Debug|x86 = Debug|x86
		Release|x64 = Release|x64
		Release|x86 = Release|x86
	EndGlobalSection
	GlobalSection(ProjectConfigurationPlatforms) = postSolution
		{657E1D1B-107F-4D7A-9D96-EE06BFB27AC3}.Debug|x64.ActiveCfg = Debug|x64
		{657E1D1B-107F-4D7A-9D96-EE06BFB27AC3}.Debug|x64.Build.0 = Debug|x64
		{657E1D1B-107F-4D7A-9D96-EE06BFB27AC3}.Debug|x86.ActiveCfg = Debug|Win32
		{657E1D1B-107F-4D7A-9D96-EE06BFB27AC3}.Debug|x86.Build.0 = Debug|Win32
		{657E1D1B-107F-4D7A-9D96-EE06BFB27AC3}.Release|x64.ActiveCfg = Release|x64
		{657E1D1B-107F-4D7A-9D96-EE06BFB27AC3}.Release|x64.Build.0 = Release|x64
		{657E1D1B-107F-4D7A-9D96-EE06BFB27AC3}.Release|x86.ActiveCfg = Release|Win32
		{657E1D1B-107F-4D7A-9D96-EE06BFB27AC3}.Release|x86.Build.0 = Release|Win32
	EndGlobalSection
	GlobalSection(SolutionProperties) = preSolution
		HideSolutionNode = FALSE
	EndGlobalSection
	GlobalSection(ExtensibilityGlobals) = postSolution
		SolutionGuid = {D3BABF0C-81FD-4320-92AB-4CE5F7961DCF}
	EndGlobalSection
EndGlobal
